PODS:
  - HockeySDK (3.8.6):
    - HockeySDK/AllFeaturesLib (= 3.8.6)
  - HockeySDK/AllFeaturesLib (3.8.6)
  - R.swift (0.13.0)

DEPENDENCIES:
  - HockeySDK (~> 3.8.5)
  - R.swift

SPEC CHECKSUMS:
  HockeySDK: ab68303eec6680f6b539de65d747742dd276e934
  R.swift: 07e0796d2b4d50b875eb7de9bd8e6193e15c6434

COCOAPODS: 0.39.0
