// !$*UTF8*$!
{
	archiveVersion = 1;
	classes = {
	};
	objectVersion = 46;
	objects = {

/* Begin PBXBuildFile section */
		485299538EF178971C053A0F /* Pods.framework in Frameworks */ = {isa = PBXBuildFile; fileRef = 97F4E094BD09171901BB56B3 /* Pods.framework */; };
		906FE2641CAD6CCA00E8057C /* APIServiceManager.swift in Sources */ = {isa = PBXBuildFile; fileRef = 906FE2631CAD6CCA00E8057C /* APIServiceManager.swift */; };
		906FE2661CAD6D9A00E8057C /* KeychainSwiftDistrib.swift in Sources */ = {isa = PBXBuildFile; fileRef = 906FE2651CAD6D9A00E8057C /* KeychainSwiftDistrib.swift */; };
		90ACCDAA1CAD27BF000149F1 /* Users.swift in Sources */ = {isa = PBXBuildFile; fileRef = 90ACCDA91CAD27BF000149F1 /* Users.swift */; };
		90ACCDAB1CAD3A62000149F1 /* Users.swift in Sources */ = {isa = PBXBuildFile; fileRef = 90ACCDA91CAD27BF000149F1 /* Users.swift */; };
		90ACCDAC1CAD3A63000149F1 /* Users.swift in Sources */ = {isa = PBXBuildFile; fileRef = 90ACCDA91CAD27BF000149F1 /* Users.swift */; };
		AD291CE61CA902A0008CAFB1 /* Dashboard.storyboard in Resources */ = {isa = PBXBuildFile; fileRef = AD291CE31CA902A0008CAFB1 /* Dashboard.storyboard */; };
		AD291CE91CA90779008CAFB1 /* DashboardTabBarController.swift in Sources */ = {isa = PBXBuildFile; fileRef = AD291CE41CA902A0008CAFB1 /* DashboardTabBarController.swift */; };
		AD291D2B1CA928A2008CAFB1 /* WalkThrough.storyboard in Resources */ = {isa = PBXBuildFile; fileRef = AD291D2A1CA928A2008CAFB1 /* WalkThrough.storyboard */; };
		AD291D331CA92975008CAFB1 /* WalkThroughViewController.swift in Sources */ = {isa = PBXBuildFile; fileRef = AD291D321CA92975008CAFB1 /* WalkThroughViewController.swift */; };
		AD291D631CA93EB5008CAFB1 /* CreateAccountViewController.swift in Sources */ = {isa = PBXBuildFile; fileRef = AD291D621CA93EB5008CAFB1 /* CreateAccountViewController.swift */; };
		AD291D651CA93EC2008CAFB1 /* CreateAccount.storyboard in Resources */ = {isa = PBXBuildFile; fileRef = AD291D641CA93EC2008CAFB1 /* CreateAccount.storyboard */; };
		AD291D671CA94001008CAFB1 /* Challenges.storyboard in Resources */ = {isa = PBXBuildFile; fileRef = AD291D661CA94001008CAFB1 /* Challenges.storyboard */; };
		AD291D691CA9400E008CAFB1 /* ChallengesViewController.swift in Sources */ = {isa = PBXBuildFile; fileRef = AD291D681CA9400E008CAFB1 /* ChallengesViewController.swift */; };
		AD291D6B1CA9406F008CAFB1 /* FriendsViewController.swift in Sources */ = {isa = PBXBuildFile; fileRef = AD291D6A1CA9406F008CAFB1 /* FriendsViewController.swift */; };
		AD291D6D1CA9407A008CAFB1 /* Friends.storyboard in Resources */ = {isa = PBXBuildFile; fileRef = AD291D6C1CA9407A008CAFB1 /* Friends.storyboard */; };
		AD291D6F1CA940A5008CAFB1 /* Profile.storyboard in Resources */ = {isa = PBXBuildFile; fileRef = AD291D6E1CA940A5008CAFB1 /* Profile.storyboard */; };
		AD291D711CA940B0008CAFB1 /* ProfileViewController.swift in Sources */ = {isa = PBXBuildFile; fileRef = AD291D701CA940B0008CAFB1 /* ProfileViewController.swift */; };
		AD291D731CA940D0008CAFB1 /* SettingsViewController.swift in Sources */ = {isa = PBXBuildFile; fileRef = AD291D721CA940D0008CAFB1 /* SettingsViewController.swift */; };
		AD291D751CA940D9008CAFB1 /* Settings.storyboard in Resources */ = {isa = PBXBuildFile; fileRef = AD291D741CA940D9008CAFB1 /* Settings.storyboard */; };
		AD291DA41CAAA7AB008CAFB1 /* UIColor+YIColors.swift in Sources */ = {isa = PBXBuildFile; fileRef = AD291DA31CAAA7AB008CAFB1 /* UIColor+YIColors.swift */; };
		AD291DA71CAAA8CC008CAFB1 /* AVPageContentViewController.swift in Sources */ = {isa = PBXBuildFile; fileRef = AD291DA51CAAA8CC008CAFB1 /* AVPageContentViewController.swift */; };
		AD291DA81CAAA8CC008CAFB1 /* AVPageViewController.swift in Sources */ = {isa = PBXBuildFile; fileRef = AD291DA61CAAA8CC008CAFB1 /* AVPageViewController.swift */; };
		AD4E257F1CABCF9E00D02744 /* Main2.storyboard in Resources */ = {isa = PBXBuildFile; fileRef = AD4E257D1CABCF9E00D02744 /* Main2.storyboard */; };
		AD5571F41CAAD88D000BF880 /* SignUp.storyboard in Resources */ = {isa = PBXBuildFile; fileRef = AD5571F31CAAD88D000BF880 /* SignUp.storyboard */; };
		AD5571F61CAAEEF6000BF880 /* SignUpViewController1.swift in Sources */ = {isa = PBXBuildFile; fileRef = AD5571F51CAAEEF6000BF880 /* SignUpViewController1.swift */; };
		AD5571F91CABA022000BF880 /* Main.storyboard in Resources */ = {isa = PBXBuildFile; fileRef = AD5571F71CABA022000BF880 /* Main.storyboard */; };
		AD5572021CABA0B4000BF880 /* ForgotPWViewController.swift in Sources */ = {isa = PBXBuildFile; fileRef = AD5571FB1CABA0B4000BF880 /* ForgotPWViewController.swift */; };
		AD5572031CABA0B4000BF880 /* IntroductoryContentViewController.swift in Sources */ = {isa = PBXBuildFile; fileRef = AD5571FC1CABA0B4000BF880 /* IntroductoryContentViewController.swift */; };
		AD5572041CABA0B4000BF880 /* IntroductoryViewController.swift in Sources */ = {isa = PBXBuildFile; fileRef = AD5571FD1CABA0B4000BF880 /* IntroductoryViewController.swift */; };
		AD5572051CABA0B4000BF880 /* SignInViewController.swift in Sources */ = {isa = PBXBuildFile; fileRef = AD5571FE1CABA0B4000BF880 /* SignInViewController.swift */; };
		AD5572061CABA0B4000BF880 /* SignUpViewController.swift in Sources */ = {isa = PBXBuildFile; fileRef = AD5571FF1CABA0B4000BF880 /* SignUpViewController.swift */; };
		AD5572071CABA0B4000BF880 /* VerificationViewController.swift in Sources */ = {isa = PBXBuildFile; fileRef = AD5572001CABA0B4000BF880 /* VerificationViewController.swift */; };
		AD5572081CABA0B4000BF880 /* WelcomeViewController.swift in Sources */ = {isa = PBXBuildFile; fileRef = AD5572011CABA0B4000BF880 /* WelcomeViewController.swift */; };
		D98635531CABF44000A8535C /* SF-UI-Display-Black.otf in Resources */ = {isa = PBXBuildFile; fileRef = D986353E1CABF44000A8535C /* SF-UI-Display-Black.otf */; };
		D98635541CABF44000A8535C /* SF-UI-Display-Bold.otf in Resources */ = {isa = PBXBuildFile; fileRef = D986353F1CABF44000A8535C /* SF-UI-Display-Bold.otf */; };
		D98635551CABF44000A8535C /* SF-UI-Display-Heavy.otf in Resources */ = {isa = PBXBuildFile; fileRef = D98635401CABF44000A8535C /* SF-UI-Display-Heavy.otf */; };
		D98635561CABF44000A8535C /* SF-UI-Display-Light.otf in Resources */ = {isa = PBXBuildFile; fileRef = D98635411CABF44000A8535C /* SF-UI-Display-Light.otf */; };
		D98635571CABF44000A8535C /* SF-UI-Display-Medium.otf in Resources */ = {isa = PBXBuildFile; fileRef = D98635421CABF44000A8535C /* SF-UI-Display-Medium.otf */; };
		D98635581CABF44000A8535C /* SF-UI-Display-Regular.otf in Resources */ = {isa = PBXBuildFile; fileRef = D98635431CABF44000A8535C /* SF-UI-Display-Regular.otf */; };
		D98635591CABF44000A8535C /* SF-UI-Display-Semibold.otf in Resources */ = {isa = PBXBuildFile; fileRef = D98635441CABF44000A8535C /* SF-UI-Display-Semibold.otf */; };
		D986355A1CABF44000A8535C /* SF-UI-Display-Thin.otf in Resources */ = {isa = PBXBuildFile; fileRef = D98635451CABF44000A8535C /* SF-UI-Display-Thin.otf */; };
		D986355B1CABF44000A8535C /* SF-UI-Display-Ultralight.otf in Resources */ = {isa = PBXBuildFile; fileRef = D98635461CABF44000A8535C /* SF-UI-Display-Ultralight.otf */; };
		D986355C1CABF44000A8535C /* SF-UI-Text-Bold.otf in Resources */ = {isa = PBXBuildFile; fileRef = D98635471CABF44000A8535C /* SF-UI-Text-Bold.otf */; };
		D986355D1CABF44000A8535C /* SF-UI-Text-BoldItalic.otf in Resources */ = {isa = PBXBuildFile; fileRef = D98635481CABF44000A8535C /* SF-UI-Text-BoldItalic.otf */; };
		D986355E1CABF44000A8535C /* SF-UI-Text-Heavy.otf in Resources */ = {isa = PBXBuildFile; fileRef = D98635491CABF44000A8535C /* SF-UI-Text-Heavy.otf */; };
		D986355F1CABF44000A8535C /* SF-UI-Text-HeavyItalic.otf in Resources */ = {isa = PBXBuildFile; fileRef = D986354A1CABF44000A8535C /* SF-UI-Text-HeavyItalic.otf */; };
		D98635601CABF44000A8535C /* SF-UI-Text-Light.otf in Resources */ = {isa = PBXBuildFile; fileRef = D986354B1CABF44000A8535C /* SF-UI-Text-Light.otf */; };
		D98635611CABF44000A8535C /* SF-UI-Text-LightItalic.otf in Resources */ = {isa = PBXBuildFile; fileRef = D986354C1CABF44000A8535C /* SF-UI-Text-LightItalic.otf */; };
		D98635621CABF44000A8535C /* SF-UI-Text-Medium.otf in Resources */ = {isa = PBXBuildFile; fileRef = D986354D1CABF44000A8535C /* SF-UI-Text-Medium.otf */; };
		D98635631CABF44000A8535C /* SF-UI-Text-MediumItalic.otf in Resources */ = {isa = PBXBuildFile; fileRef = D986354E1CABF44000A8535C /* SF-UI-Text-MediumItalic.otf */; };
		D98635641CABF44000A8535C /* SF-UI-Text-Regular.otf in Resources */ = {isa = PBXBuildFile; fileRef = D986354F1CABF44000A8535C /* SF-UI-Text-Regular.otf */; };
		D98635651CABF44000A8535C /* SF-UI-Text-RegularItalic.otf in Resources */ = {isa = PBXBuildFile; fileRef = D98635501CABF44000A8535C /* SF-UI-Text-RegularItalic.otf */; };
		D98635661CABF44000A8535C /* SF-UI-Text-Semibold.otf in Resources */ = {isa = PBXBuildFile; fileRef = D98635511CABF44000A8535C /* SF-UI-Text-Semibold.otf */; };
		D98635671CABF44000A8535C /* SF-UI-Text-SemiboldItalic.otf in Resources */ = {isa = PBXBuildFile; fileRef = D98635521CABF44000A8535C /* SF-UI-Text-SemiboldItalic.otf */; };
		BEAAC7A41CABF3F70081DB61 /* UserManager.swift in Sources */ = {isa = PBXBuildFile; fileRef = BEAAC7A31CABF3F70081DB61 /* UserManager.swift */; };
		BEAAC7A51CAC017D0081DB61 /* UserManager.swift in Sources */ = {isa = PBXBuildFile; fileRef = BEAAC7A31CABF3F70081DB61 /* UserManager.swift */; };
		BEAAC7A61CAC1E650081DB61 /* UserManager.swift in Sources */ = {isa = PBXBuildFile; fileRef = BEAAC7A31CABF3F70081DB61 /* UserManager.swift */; };
		D986357F1CAE7F8900A8535C /* APIServiceManager.swift in Sources */ = {isa = PBXBuildFile; fileRef = 906FE2631CAD6CCA00E8057C /* APIServiceManager.swift */; };
		D98635801CAE7F8900A8535C /* APIServiceManager.swift in Sources */ = {isa = PBXBuildFile; fileRef = 906FE2631CAD6CCA00E8057C /* APIServiceManager.swift */; };
		D9D54ECB1CA28CD2007805F4 /* AppDelegate.swift in Sources */ = {isa = PBXBuildFile; fileRef = D9D54ECA1CA28CD2007805F4 /* AppDelegate.swift */; };
		D9D54ECD1CA28CD2007805F4 /* FirstViewController.swift in Sources */ = {isa = PBXBuildFile; fileRef = D9D54ECC1CA28CD2007805F4 /* FirstViewController.swift */; };
		D9D54ECF1CA28CD2007805F4 /* SecondViewController.swift in Sources */ = {isa = PBXBuildFile; fileRef = D9D54ECE1CA28CD2007805F4 /* SecondViewController.swift */; };
		D9D54ED41CA28CD2007805F4 /* Assets.xcassets in Resources */ = {isa = PBXBuildFile; fileRef = D9D54ED31CA28CD2007805F4 /* Assets.xcassets */; };
		D9D54ED71CA28CD2007805F4 /* LaunchScreen.storyboard in Resources */ = {isa = PBXBuildFile; fileRef = D9D54ED51CA28CD2007805F4 /* LaunchScreen.storyboard */; };
		D9D54EE21CA28CD2007805F4 /* YonaTests.swift in Sources */ = {isa = PBXBuildFile; fileRef = D9D54EE11CA28CD2007805F4 /* YonaTests.swift */; };
		D9D54EED1CA28CD2007805F4 /* YonaUITests.swift in Sources */ = {isa = PBXBuildFile; fileRef = D9D54EEC1CA28CD2007805F4 /* YonaUITests.swift */; };
/* End PBXBuildFile section */

/* Begin PBXContainerItemProxy section */
		D9D54EDE1CA28CD2007805F4 /* PBXContainerItemProxy */ = {
			isa = PBXContainerItemProxy;
			containerPortal = D9D54EBF1CA28CD2007805F4 /* Project object */;
			proxyType = 1;
			remoteGlobalIDString = D9D54EC61CA28CD2007805F4;
			remoteInfo = Yona;
		};
		D9D54EE91CA28CD2007805F4 /* PBXContainerItemProxy */ = {
			isa = PBXContainerItemProxy;
			containerPortal = D9D54EBF1CA28CD2007805F4 /* Project object */;
			proxyType = 1;
			remoteGlobalIDString = D9D54EC61CA28CD2007805F4;
			remoteInfo = Yona;
		};
/* End PBXContainerItemProxy section */

/* Begin PBXFileReference section */
		906FE2631CAD6CCA00E8057C /* APIServiceManager.swift */ = {isa = PBXFileReference; fileEncoding = 4; lastKnownFileType = sourcecode.swift; path = APIServiceManager.swift; sourceTree = "<group>"; };
		906FE2651CAD6D9A00E8057C /* KeychainSwiftDistrib.swift */ = {isa = PBXFileReference; fileEncoding = 4; lastKnownFileType = sourcecode.swift; path = KeychainSwiftDistrib.swift; sourceTree = "<group>"; };
		907FA2CEF83C3EDC00E5F021 /* Pods.release.xcconfig */ = {isa = PBXFileReference; includeInIndex = 1; lastKnownFileType = text.xcconfig; name = Pods.release.xcconfig; path = "Pods/Target Support Files/Pods/Pods.release.xcconfig"; sourceTree = "<group>"; };
		90ACCDA91CAD27BF000149F1 /* Users.swift */ = {isa = PBXFileReference; fileEncoding = 4; lastKnownFileType = sourcecode.swift; path = Users.swift; sourceTree = "<group>"; };
		97F4E094BD09171901BB56B3 /* Pods.framework */ = {isa = PBXFileReference; explicitFileType = wrapper.framework; includeInIndex = 0; path = Pods.framework; sourceTree = BUILT_PRODUCTS_DIR; };
		AD291CE31CA902A0008CAFB1 /* Dashboard.storyboard */ = {isa = PBXFileReference; fileEncoding = 4; lastKnownFileType = file.storyboard; path = Dashboard.storyboard; sourceTree = "<group>"; };
		AD291CE41CA902A0008CAFB1 /* DashboardTabBarController.swift */ = {isa = PBXFileReference; fileEncoding = 4; lastKnownFileType = sourcecode.swift; path = DashboardTabBarController.swift; sourceTree = "<group>"; };
		AD291D2A1CA928A2008CAFB1 /* WalkThrough.storyboard */ = {isa = PBXFileReference; fileEncoding = 4; lastKnownFileType = file.storyboard; path = WalkThrough.storyboard; sourceTree = "<group>"; };
		AD291D321CA92975008CAFB1 /* WalkThroughViewController.swift */ = {isa = PBXFileReference; fileEncoding = 4; lastKnownFileType = sourcecode.swift; path = WalkThroughViewController.swift; sourceTree = "<group>"; };
		AD291D621CA93EB5008CAFB1 /* CreateAccountViewController.swift */ = {isa = PBXFileReference; fileEncoding = 4; lastKnownFileType = sourcecode.swift; path = CreateAccountViewController.swift; sourceTree = "<group>"; };
		AD291D641CA93EC2008CAFB1 /* CreateAccount.storyboard */ = {isa = PBXFileReference; fileEncoding = 4; lastKnownFileType = file.storyboard; path = CreateAccount.storyboard; sourceTree = "<group>"; };
		AD291D661CA94001008CAFB1 /* Challenges.storyboard */ = {isa = PBXFileReference; fileEncoding = 4; lastKnownFileType = file.storyboard; path = Challenges.storyboard; sourceTree = "<group>"; };
		AD291D681CA9400E008CAFB1 /* ChallengesViewController.swift */ = {isa = PBXFileReference; fileEncoding = 4; lastKnownFileType = sourcecode.swift; path = ChallengesViewController.swift; sourceTree = "<group>"; };
		AD291D6A1CA9406F008CAFB1 /* FriendsViewController.swift */ = {isa = PBXFileReference; fileEncoding = 4; lastKnownFileType = sourcecode.swift; path = FriendsViewController.swift; sourceTree = "<group>"; };
		AD291D6C1CA9407A008CAFB1 /* Friends.storyboard */ = {isa = PBXFileReference; fileEncoding = 4; lastKnownFileType = file.storyboard; path = Friends.storyboard; sourceTree = "<group>"; };
		AD291D6E1CA940A5008CAFB1 /* Profile.storyboard */ = {isa = PBXFileReference; fileEncoding = 4; lastKnownFileType = file.storyboard; path = Profile.storyboard; sourceTree = "<group>"; };
		AD291D701CA940B0008CAFB1 /* ProfileViewController.swift */ = {isa = PBXFileReference; fileEncoding = 4; lastKnownFileType = sourcecode.swift; path = ProfileViewController.swift; sourceTree = "<group>"; };
		AD291D721CA940D0008CAFB1 /* SettingsViewController.swift */ = {isa = PBXFileReference; fileEncoding = 4; lastKnownFileType = sourcecode.swift; path = SettingsViewController.swift; sourceTree = "<group>"; };
		AD291D741CA940D9008CAFB1 /* Settings.storyboard */ = {isa = PBXFileReference; fileEncoding = 4; lastKnownFileType = file.storyboard; path = Settings.storyboard; sourceTree = "<group>"; };
		AD291DA31CAAA7AB008CAFB1 /* UIColor+YIColors.swift */ = {isa = PBXFileReference; fileEncoding = 4; lastKnownFileType = sourcecode.swift; path = "UIColor+YIColors.swift"; sourceTree = "<group>"; };
		AD291DA51CAAA8CC008CAFB1 /* AVPageContentViewController.swift */ = {isa = PBXFileReference; fileEncoding = 4; lastKnownFileType = sourcecode.swift; path = AVPageContentViewController.swift; sourceTree = "<group>"; };
		AD291DA61CAAA8CC008CAFB1 /* AVPageViewController.swift */ = {isa = PBXFileReference; fileEncoding = 4; lastKnownFileType = sourcecode.swift; path = AVPageViewController.swift; sourceTree = "<group>"; };
		AD4E257E1CABCF9E00D02744 /* Base */ = {isa = PBXFileReference; lastKnownFileType = file.storyboard; name = Base; path = Base.lproj/Main2.storyboard; sourceTree = "<group>"; };
		AD5571F31CAAD88D000BF880 /* SignUp.storyboard */ = {isa = PBXFileReference; fileEncoding = 4; lastKnownFileType = file.storyboard; path = SignUp.storyboard; sourceTree = "<group>"; };
		AD5571F51CAAEEF6000BF880 /* SignUpViewController1.swift */ = {isa = PBXFileReference; fileEncoding = 4; lastKnownFileType = sourcecode.swift; path = SignUpViewController1.swift; sourceTree = "<group>"; };
		AD5571F81CABA022000BF880 /* Base */ = {isa = PBXFileReference; lastKnownFileType = file.storyboard; name = Base; path = Base.lproj/Main.storyboard; sourceTree = "<group>"; };
		AD5571FB1CABA0B4000BF880 /* ForgotPWViewController.swift */ = {isa = PBXFileReference; fileEncoding = 4; lastKnownFileType = sourcecode.swift; path = ForgotPWViewController.swift; sourceTree = "<group>"; };
		AD5571FC1CABA0B4000BF880 /* IntroductoryContentViewController.swift */ = {isa = PBXFileReference; fileEncoding = 4; lastKnownFileType = sourcecode.swift; path = IntroductoryContentViewController.swift; sourceTree = "<group>"; };
		AD5571FD1CABA0B4000BF880 /* IntroductoryViewController.swift */ = {isa = PBXFileReference; fileEncoding = 4; lastKnownFileType = sourcecode.swift; path = IntroductoryViewController.swift; sourceTree = "<group>"; };
		AD5571FE1CABA0B4000BF880 /* SignInViewController.swift */ = {isa = PBXFileReference; fileEncoding = 4; lastKnownFileType = sourcecode.swift; path = SignInViewController.swift; sourceTree = "<group>"; };
		AD5571FF1CABA0B4000BF880 /* SignUpViewController.swift */ = {isa = PBXFileReference; fileEncoding = 4; lastKnownFileType = sourcecode.swift; path = SignUpViewController.swift; sourceTree = "<group>"; };
		AD5572001CABA0B4000BF880 /* VerificationViewController.swift */ = {isa = PBXFileReference; fileEncoding = 4; lastKnownFileType = sourcecode.swift; path = VerificationViewController.swift; sourceTree = "<group>"; };
		AD5572011CABA0B4000BF880 /* WelcomeViewController.swift */ = {isa = PBXFileReference; fileEncoding = 4; lastKnownFileType = sourcecode.swift; path = WelcomeViewController.swift; sourceTree = "<group>"; };
		BEAAC7A31CABF3F70081DB61 /* UserManager.swift */ = {isa = PBXFileReference; fileEncoding = 4; lastKnownFileType = sourcecode.swift; path = UserManager.swift; sourceTree = "<group>"; };
		D9D54EC71CA28CD2007805F4 /* Yona.app */ = {isa = PBXFileReference; explicitFileType = wrapper.application; includeInIndex = 0; path = Yona.app; sourceTree = BUILT_PRODUCTS_DIR; };
		D9D54ECA1CA28CD2007805F4 /* AppDelegate.swift */ = {isa = PBXFileReference; lastKnownFileType = sourcecode.swift; path = AppDelegate.swift; sourceTree = "<group>"; };
		D9D54ECC1CA28CD2007805F4 /* FirstViewController.swift */ = {isa = PBXFileReference; lastKnownFileType = sourcecode.swift; path = FirstViewController.swift; sourceTree = "<group>"; };
		D9D54ECE1CA28CD2007805F4 /* SecondViewController.swift */ = {isa = PBXFileReference; lastKnownFileType = sourcecode.swift; path = SecondViewController.swift; sourceTree = "<group>"; };
		D9D54ED31CA28CD2007805F4 /* Assets.xcassets */ = {isa = PBXFileReference; lastKnownFileType = folder.assetcatalog; path = Assets.xcassets; sourceTree = "<group>"; };
		D9D54ED61CA28CD2007805F4 /* Base */ = {isa = PBXFileReference; lastKnownFileType = file.storyboard; name = Base; path = Base.lproj/LaunchScreen.storyboard; sourceTree = "<group>"; };
		D9D54ED81CA28CD2007805F4 /* Info.plist */ = {isa = PBXFileReference; lastKnownFileType = text.plist.xml; path = Info.plist; sourceTree = "<group>"; };
		D9D54EDD1CA28CD2007805F4 /* YonaTests.xctest */ = {isa = PBXFileReference; explicitFileType = wrapper.cfbundle; includeInIndex = 0; path = YonaTests.xctest; sourceTree = BUILT_PRODUCTS_DIR; };
		D9D54EE11CA28CD2007805F4 /* YonaTests.swift */ = {isa = PBXFileReference; lastKnownFileType = sourcecode.swift; path = YonaTests.swift; sourceTree = "<group>"; };
		D9D54EE31CA28CD2007805F4 /* Info.plist */ = {isa = PBXFileReference; lastKnownFileType = text.plist.xml; path = Info.plist; sourceTree = "<group>"; };
		D9D54EE81CA28CD2007805F4 /* YonaUITests.xctest */ = {isa = PBXFileReference; explicitFileType = wrapper.cfbundle; includeInIndex = 0; path = YonaUITests.xctest; sourceTree = BUILT_PRODUCTS_DIR; };
		D9D54EEC1CA28CD2007805F4 /* YonaUITests.swift */ = {isa = PBXFileReference; lastKnownFileType = sourcecode.swift; path = YonaUITests.swift; sourceTree = "<group>"; };
		D9D54EEE1CA28CD2007805F4 /* Info.plist */ = {isa = PBXFileReference; lastKnownFileType = text.plist.xml; path = Info.plist; sourceTree = "<group>"; };
		EF26DAC44A5AE3C2779CD0D3 /* Pods.debug.xcconfig */ = {isa = PBXFileReference; includeInIndex = 1; lastKnownFileType = text.xcconfig; name = Pods.debug.xcconfig; path = "Pods/Target Support Files/Pods/Pods.debug.xcconfig"; sourceTree = "<group>"; };
/* End PBXFileReference section */

/* Begin PBXFrameworksBuildPhase section */
		D9D54EC41CA28CD2007805F4 /* Frameworks */ = {
			isa = PBXFrameworksBuildPhase;
			buildActionMask = 2147483647;
			files = (
				485299538EF178971C053A0F /* Pods.framework in Frameworks */,
			);
			runOnlyForDeploymentPostprocessing = 0;
		};
		D9D54EDA1CA28CD2007805F4 /* Frameworks */ = {
			isa = PBXFrameworksBuildPhase;
			buildActionMask = 2147483647;
			files = (
			);
			runOnlyForDeploymentPostprocessing = 0;
		};
		D9D54EE51CA28CD2007805F4 /* Frameworks */ = {
			isa = PBXFrameworksBuildPhase;
			buildActionMask = 2147483647;
			files = (
			);
			runOnlyForDeploymentPostprocessing = 0;
		};
/* End PBXFrameworksBuildPhase section */

/* Begin PBXGroup section */
		3B39B85C599061F064F0007D /* Frameworks */ = {
			isa = PBXGroup;
			children = (
				97F4E094BD09171901BB56B3 /* Pods.framework */,
			);
			name = Frameworks;
			sourceTree = "<group>";
		};
		803143D5A6C19514CFFD49E4 /* Pods */ = {
			isa = PBXGroup;
			children = (
				EF26DAC44A5AE3C2779CD0D3 /* Pods.debug.xcconfig */,
				907FA2CEF83C3EDC00E5F021 /* Pods.release.xcconfig */,
			);
			name = Pods;
			sourceTree = "<group>";
		};
		90ACCDA81CAD27A7000149F1 /* JSONObject */ = {
			isa = PBXGroup;
			children = (
				90ACCDA91CAD27BF000149F1 /* Users.swift */,
			);
			name = JSONObject;
			sourceTree = "<group>";
		};
		AD291CE01CA90202008CAFB1 /* DashBoard */ = {
			isa = PBXGroup;
			children = (
				AD291CE31CA902A0008CAFB1 /* Dashboard.storyboard */,
				AD291CE41CA902A0008CAFB1 /* DashboardTabBarController.swift */,
			);
			path = DashBoard;
			sourceTree = "<group>";
		};
		AD291D241CA92808008CAFB1 /* Challenges */ = {
			isa = PBXGroup;
			children = (
				AD291D661CA94001008CAFB1 /* Challenges.storyboard */,
				AD291D681CA9400E008CAFB1 /* ChallengesViewController.swift */,
			);
			path = Challenges;
			sourceTree = "<group>";
		};
		AD291D251CA92808008CAFB1 /* Friends */ = {
			isa = PBXGroup;
			children = (
				AD291D6C1CA9407A008CAFB1 /* Friends.storyboard */,
				AD291D6A1CA9406F008CAFB1 /* FriendsViewController.swift */,
			);
			path = Friends;
			sourceTree = "<group>";
		};
		AD291D261CA92808008CAFB1 /* Profile */ = {
			isa = PBXGroup;
			children = (
				AD291D6E1CA940A5008CAFB1 /* Profile.storyboard */,
				AD291D701CA940B0008CAFB1 /* ProfileViewController.swift */,
			);
			path = Profile;
			sourceTree = "<group>";
		};
		AD291D271CA92808008CAFB1 /* Settings */ = {
			isa = PBXGroup;
			children = (
				AD291D721CA940D0008CAFB1 /* SettingsViewController.swift */,
				AD291D741CA940D9008CAFB1 /* Settings.storyboard */,
			);
			path = Settings;
			sourceTree = "<group>";
		};
		AD291D281CA9286C008CAFB1 /* CreateAccount */ = {
			isa = PBXGroup;
			children = (
				AD291D641CA93EC2008CAFB1 /* CreateAccount.storyboard */,
				AD291D621CA93EB5008CAFB1 /* CreateAccountViewController.swift */,
			);
			path = CreateAccount;
			sourceTree = "<group>";
		};
		AD291D291CA9286C008CAFB1 /* WalkThrough */ = {
			isa = PBXGroup;
			children = (
				AD291D2A1CA928A2008CAFB1 /* WalkThrough.storyboard */,
				AD291D321CA92975008CAFB1 /* WalkThroughViewController.swift */,
			);
			path = WalkThrough;
			sourceTree = "<group>";
		};
		AD291DA21CAAA7AB008CAFB1 /* Others */ = {
			isa = PBXGroup;
			children = (
				AD291DA51CAAA8CC008CAFB1 /* AVPageContentViewController.swift */,
				AD291DA61CAAA8CC008CAFB1 /* AVPageViewController.swift */,
				AD291DA31CAAA7AB008CAFB1 /* UIColor+YIColors.swift */,
			);
			path = Others;
			sourceTree = "<group>";
		};
		AD5571F21CAAD87B000BF880 /* SignUp */ = {
			isa = PBXGroup;
			children = (
				AD5571F31CAAD88D000BF880 /* SignUp.storyboard */,
				AD5571F51CAAEEF6000BF880 /* SignUpViewController1.swift */,
			);
			path = SignUp;
			sourceTree = "<group>";
		};
		AD5571FA1CABA0B4000BF880 /* SignIn pages */ = {
			isa = PBXGroup;
			children = (
				AD5571FB1CABA0B4000BF880 /* ForgotPWViewController.swift */,
				AD5571FC1CABA0B4000BF880 /* IntroductoryContentViewController.swift */,
				AD5571FD1CABA0B4000BF880 /* IntroductoryViewController.swift */,
				AD5571FE1CABA0B4000BF880 /* SignInViewController.swift */,
				AD5571FF1CABA0B4000BF880 /* SignUpViewController.swift */,
				AD5572001CABA0B4000BF880 /* VerificationViewController.swift */,
				AD5572011CABA0B4000BF880 /* WelcomeViewController.swift */,
			);
			path = "SignIn pages";
			sourceTree = "<group>";
		};
		D98635681CABF44400A8535C /* Fonts */ = {
			isa = PBXGroup;
			children = (
				D986353E1CABF44000A8535C /* SF-UI-Display-Black.otf */,
				D986353F1CABF44000A8535C /* SF-UI-Display-Bold.otf */,
				D98635401CABF44000A8535C /* SF-UI-Display-Heavy.otf */,
				D98635411CABF44000A8535C /* SF-UI-Display-Light.otf */,
				D98635421CABF44000A8535C /* SF-UI-Display-Medium.otf */,
				D98635431CABF44000A8535C /* SF-UI-Display-Regular.otf */,
				D98635441CABF44000A8535C /* SF-UI-Display-Semibold.otf */,
				D98635451CABF44000A8535C /* SF-UI-Display-Thin.otf */,
				D98635461CABF44000A8535C /* SF-UI-Display-Ultralight.otf */,
				D98635471CABF44000A8535C /* SF-UI-Text-Bold.otf */,
				D98635481CABF44000A8535C /* SF-UI-Text-BoldItalic.otf */,
				D98635491CABF44000A8535C /* SF-UI-Text-Heavy.otf */,
				D986354A1CABF44000A8535C /* SF-UI-Text-HeavyItalic.otf */,
				D986354B1CABF44000A8535C /* SF-UI-Text-Light.otf */,
				D986354C1CABF44000A8535C /* SF-UI-Text-LightItalic.otf */,
				D986354D1CABF44000A8535C /* SF-UI-Text-Medium.otf */,
				D986354E1CABF44000A8535C /* SF-UI-Text-MediumItalic.otf */,
				D986354F1CABF44000A8535C /* SF-UI-Text-Regular.otf */,
				D98635501CABF44000A8535C /* SF-UI-Text-RegularItalic.otf */,
				D98635511CABF44000A8535C /* SF-UI-Text-Semibold.otf */,
				D98635521CABF44000A8535C /* SF-UI-Text-SemiboldItalic.otf */,
			);
			name = Fonts;
			sourceTree = "<group>";
		};
		BEAAC7A21CABF2300081DB61 /* DataService */ = {
			isa = PBXGroup;
			children = (
				90ACCDA81CAD27A7000149F1 /* JSONObject */,
				BEAAC7A31CABF3F70081DB61 /* UserManager.swift */,
				906FE2631CAD6CCA00E8057C /* APIServiceManager.swift */,
				906FE2651CAD6D9A00E8057C /* KeychainSwiftDistrib.swift */,
			);
			path = DataService;
			sourceTree = "<group>";
		};
		D9D54EBE1CA28CD2007805F4 = {
			isa = PBXGroup;
			children = (
				D9D54EC91CA28CD2007805F4 /* Yona */,
				D9D54EE01CA28CD2007805F4 /* YonaTests */,
				D9D54EEB1CA28CD2007805F4 /* YonaUITests */,
				D9D54EC81CA28CD2007805F4 /* Products */,
				803143D5A6C19514CFFD49E4 /* Pods */,
				3B39B85C599061F064F0007D /* Frameworks */,
			);
			sourceTree = "<group>";
		};
		D9D54EC81CA28CD2007805F4 /* Products */ = {
			isa = PBXGroup;
			children = (
				D9D54EC71CA28CD2007805F4 /* Yona.app */,
				D9D54EDD1CA28CD2007805F4 /* YonaTests.xctest */,
				D9D54EE81CA28CD2007805F4 /* YonaUITests.xctest */,
			);
			name = Products;
			sourceTree = "<group>";
		};
		D9D54EC91CA28CD2007805F4 /* Yona */ = {
			isa = PBXGroup;
			children = (
				D98635681CABF44400A8535C /* Fonts */,
				BEAAC7A21CABF2300081DB61 /* DataService */,
				AD291DA21CAAA7AB008CAFB1 /* Others */,
				AD291D291CA9286C008CAFB1 /* WalkThrough */,
				AD5571F21CAAD87B000BF880 /* SignUp */,
				AD291D281CA9286C008CAFB1 /* CreateAccount */,
				AD291D241CA92808008CAFB1 /* Challenges */,
				AD291D251CA92808008CAFB1 /* Friends */,
				AD291D261CA92808008CAFB1 /* Profile */,
				AD291D271CA92808008CAFB1 /* Settings */,
				AD291CE01CA90202008CAFB1 /* DashBoard */,
				D9D54ECA1CA28CD2007805F4 /* AppDelegate.swift */,
				D9D54ECC1CA28CD2007805F4 /* FirstViewController.swift */,
				D9D54ECE1CA28CD2007805F4 /* SecondViewController.swift */,
				AD5571FA1CABA0B4000BF880 /* SignIn pages */,
				AD5571F71CABA022000BF880 /* Main.storyboard */,
				AD4E257D1CABCF9E00D02744 /* Main2.storyboard */,
				D9D54ED31CA28CD2007805F4 /* Assets.xcassets */,
				D9D54ED51CA28CD2007805F4 /* LaunchScreen.storyboard */,
				D9D54ED81CA28CD2007805F4 /* Info.plist */,
			);
			path = Yona;
			sourceTree = "<group>";
		};
		D9D54EE01CA28CD2007805F4 /* YonaTests */ = {
			isa = PBXGroup;
			children = (
				D9D54EE11CA28CD2007805F4 /* YonaTests.swift */,
				D9D54EE31CA28CD2007805F4 /* Info.plist */,
			);
			path = YonaTests;
			sourceTree = "<group>";
		};
		D9D54EEB1CA28CD2007805F4 /* YonaUITests */ = {
			isa = PBXGroup;
			children = (
				D9D54EEC1CA28CD2007805F4 /* YonaUITests.swift */,
				D9D54EEE1CA28CD2007805F4 /* Info.plist */,
			);
			path = YonaUITests;
			sourceTree = "<group>";
		};
/* End PBXGroup section */

/* Begin PBXNativeTarget section */
		D9D54EC61CA28CD2007805F4 /* Yona */ = {
			isa = PBXNativeTarget;
			buildConfigurationList = D9D54EF11CA28CD2007805F4 /* Build configuration list for PBXNativeTarget "Yona" */;
			buildPhases = (
				FDBD51524C47FA10E10782F3 /* Check Pods Manifest.lock */,
				D9D54EFC1CA565B7007805F4 /* R.swift */,
				D9D54EC31CA28CD2007805F4 /* Sources */,
				D9D54EC41CA28CD2007805F4 /* Frameworks */,
				D9D54EC51CA28CD2007805F4 /* Resources */,
				F77FF96084CAC8939A8152F2 /* Embed Pods Frameworks */,
				173E4173B6737B3290E96712 /* Copy Pods Resources */,
			);
			buildRules = (
			);
			dependencies = (
			);
			name = Yona;
			productName = Yona;
			productReference = D9D54EC71CA28CD2007805F4 /* Yona.app */;
			productType = "com.apple.product-type.application";
		};
		D9D54EDC1CA28CD2007805F4 /* YonaTests */ = {
			isa = PBXNativeTarget;
			buildConfigurationList = D9D54EF41CA28CD2007805F4 /* Build configuration list for PBXNativeTarget "YonaTests" */;
			buildPhases = (
				D9D54ED91CA28CD2007805F4 /* Sources */,
				D9D54EDA1CA28CD2007805F4 /* Frameworks */,
				D9D54EDB1CA28CD2007805F4 /* Resources */,
			);
			buildRules = (
			);
			dependencies = (
				D9D54EDF1CA28CD2007805F4 /* PBXTargetDependency */,
			);
			name = YonaTests;
			productName = YonaTests;
			productReference = D9D54EDD1CA28CD2007805F4 /* YonaTests.xctest */;
			productType = "com.apple.product-type.bundle.unit-test";
		};
		D9D54EE71CA28CD2007805F4 /* YonaUITests */ = {
			isa = PBXNativeTarget;
			buildConfigurationList = D9D54EF71CA28CD2007805F4 /* Build configuration list for PBXNativeTarget "YonaUITests" */;
			buildPhases = (
				D9D54EE41CA28CD2007805F4 /* Sources */,
				D9D54EE51CA28CD2007805F4 /* Frameworks */,
				D9D54EE61CA28CD2007805F4 /* Resources */,
			);
			buildRules = (
			);
			dependencies = (
				D9D54EEA1CA28CD2007805F4 /* PBXTargetDependency */,
			);
			name = YonaUITests;
			productName = YonaUITests;
			productReference = D9D54EE81CA28CD2007805F4 /* YonaUITests.xctest */;
			productType = "com.apple.product-type.bundle.ui-testing";
		};
/* End PBXNativeTarget section */

/* Begin PBXProject section */
		D9D54EBF1CA28CD2007805F4 /* Project object */ = {
			isa = PBXProject;
			attributes = {
				LastSwiftUpdateCheck = 0730;
				LastUpgradeCheck = 0730;
				ORGANIZATIONNAME = Yona;
				TargetAttributes = {
					D9D54EC61CA28CD2007805F4 = {
						CreatedOnToolsVersion = 7.3;
					};
					D9D54EDC1CA28CD2007805F4 = {
						CreatedOnToolsVersion = 7.3;
						TestTargetID = D9D54EC61CA28CD2007805F4;
					};
					D9D54EE71CA28CD2007805F4 = {
						CreatedOnToolsVersion = 7.3;
						TestTargetID = D9D54EC61CA28CD2007805F4;
					};
				};
			};
			buildConfigurationList = D9D54EC21CA28CD2007805F4 /* Build configuration list for PBXProject "Yona" */;
			compatibilityVersion = "Xcode 3.2";
			developmentRegion = English;
			hasScannedForEncodings = 0;
			knownRegions = (
				en,
				Base,
			);
			mainGroup = D9D54EBE1CA28CD2007805F4;
			productRefGroup = D9D54EC81CA28CD2007805F4 /* Products */;
			projectDirPath = "";
			projectRoot = "";
			targets = (
				D9D54EC61CA28CD2007805F4 /* Yona */,
				D9D54EDC1CA28CD2007805F4 /* YonaTests */,
				D9D54EE71CA28CD2007805F4 /* YonaUITests */,
			);
		};
/* End PBXProject section */

/* Begin PBXResourcesBuildPhase section */
		D9D54EC51CA28CD2007805F4 /* Resources */ = {
			isa = PBXResourcesBuildPhase;
			buildActionMask = 2147483647;
			files = (
				D98635661CABF44000A8535C /* SF-UI-Text-Semibold.otf in Resources */,
				D98635541CABF44000A8535C /* SF-UI-Display-Bold.otf in Resources */,
				D98635551CABF44000A8535C /* SF-UI-Display-Heavy.otf in Resources */,
				D98635581CABF44000A8535C /* SF-UI-Display-Regular.otf in Resources */,
				D986355E1CABF44000A8535C /* SF-UI-Text-Heavy.otf in Resources */,
				D98635591CABF44000A8535C /* SF-UI-Display-Semibold.otf in Resources */,
				D986355B1CABF44000A8535C /* SF-UI-Display-Ultralight.otf in Resources */,
				D986355F1CABF44000A8535C /* SF-UI-Text-HeavyItalic.otf in Resources */,
				D986355A1CABF44000A8535C /* SF-UI-Display-Thin.otf in Resources */,
				D98635601CABF44000A8535C /* SF-UI-Text-Light.otf in Resources */,
				D9D54ED71CA28CD2007805F4 /* LaunchScreen.storyboard in Resources */,
				D9D54ED41CA28CD2007805F4 /* Assets.xcassets in Resources */,
				D98635571CABF44000A8535C /* SF-UI-Display-Medium.otf in Resources */,
				D98635621CABF44000A8535C /* SF-UI-Text-Medium.otf in Resources */,
				D98635531CABF44000A8535C /* SF-UI-Display-Black.otf in Resources */,
				AD291D651CA93EC2008CAFB1 /* CreateAccount.storyboard in Resources */,
				AD5571F41CAAD88D000BF880 /* SignUp.storyboard in Resources */,
				AD291D671CA94001008CAFB1 /* Challenges.storyboard in Resources */,
				D98635671CABF44000A8535C /* SF-UI-Text-SemiboldItalic.otf in Resources */,
				AD5571F91CABA022000BF880 /* Main.storyboard in Resources */,
				AD291D6D1CA9407A008CAFB1 /* Friends.storyboard in Resources */,
				D98635561CABF44000A8535C /* SF-UI-Display-Light.otf in Resources */,
				D98635641CABF44000A8535C /* SF-UI-Text-Regular.otf in Resources */,
				D986355D1CABF44000A8535C /* SF-UI-Text-BoldItalic.otf in Resources */,
				AD291D6F1CA940A5008CAFB1 /* Profile.storyboard in Resources */,
				AD291CE61CA902A0008CAFB1 /* Dashboard.storyboard in Resources */,
				D986355C1CABF44000A8535C /* SF-UI-Text-Bold.otf in Resources */,
				AD291D2B1CA928A2008CAFB1 /* WalkThrough.storyboard in Resources */,
				AD4E257F1CABCF9E00D02744 /* Main2.storyboard in Resources */,
				D98635611CABF44000A8535C /* SF-UI-Text-LightItalic.otf in Resources */,
				D98635651CABF44000A8535C /* SF-UI-Text-RegularItalic.otf in Resources */,
				AD291D751CA940D9008CAFB1 /* Settings.storyboard in Resources */,
				D98635631CABF44000A8535C /* SF-UI-Text-MediumItalic.otf in Resources */,
			);
			runOnlyForDeploymentPostprocessing = 0;
		};
		D9D54EDB1CA28CD2007805F4 /* Resources */ = {
			isa = PBXResourcesBuildPhase;
			buildActionMask = 2147483647;
			files = (
			);
			runOnlyForDeploymentPostprocessing = 0;
		};
		D9D54EE61CA28CD2007805F4 /* Resources */ = {
			isa = PBXResourcesBuildPhase;
			buildActionMask = 2147483647;
			files = (
			);
			runOnlyForDeploymentPostprocessing = 0;
		};
/* End PBXResourcesBuildPhase section */

/* Begin PBXShellScriptBuildPhase section */
		173E4173B6737B3290E96712 /* Copy Pods Resources */ = {
			isa = PBXShellScriptBuildPhase;
			buildActionMask = 2147483647;
			files = (
			);
			inputPaths = (
			);
			name = "Copy Pods Resources";
			outputPaths = (
			);
			runOnlyForDeploymentPostprocessing = 0;
			shellPath = /bin/sh;
			shellScript = "\"${SRCROOT}/Pods/Target Support Files/Pods/Pods-resources.sh\"\n";
			showEnvVarsInLog = 0;
		};
		D9D54EFC1CA565B7007805F4 /* R.swift */ = {
			isa = PBXShellScriptBuildPhase;
			buildActionMask = 2147483647;
			files = (
			);
			inputPaths = (
			);
			name = R.swift;
			outputPaths = (
			);
			runOnlyForDeploymentPostprocessing = 0;
			shellPath = /bin/sh;
			shellScript = "\"$PODS_ROOT/R.swift/rswift\" \"$SRCROOT\"";
		};
		F77FF96084CAC8939A8152F2 /* Embed Pods Frameworks */ = {
			isa = PBXShellScriptBuildPhase;
			buildActionMask = 2147483647;
			files = (
			);
			inputPaths = (
			);
			name = "Embed Pods Frameworks";
			outputPaths = (
			);
			runOnlyForDeploymentPostprocessing = 0;
			shellPath = /bin/sh;
			shellScript = "\"${SRCROOT}/Pods/Target Support Files/Pods/Pods-frameworks.sh\"\n";
			showEnvVarsInLog = 0;
		};
		FDBD51524C47FA10E10782F3 /* Check Pods Manifest.lock */ = {
			isa = PBXShellScriptBuildPhase;
			buildActionMask = 2147483647;
			files = (
			);
			inputPaths = (
			);
			name = "Check Pods Manifest.lock";
			outputPaths = (
			);
			runOnlyForDeploymentPostprocessing = 0;
			shellPath = /bin/sh;
			shellScript = "diff \"${PODS_ROOT}/../Podfile.lock\" \"${PODS_ROOT}/Manifest.lock\" > /dev/null\nif [[ $? != 0 ]] ; then\n    cat << EOM\nerror: The sandbox is not in sync with the Podfile.lock. Run 'pod install' or update your CocoaPods installation.\nEOM\n    exit 1\nfi\n";
			showEnvVarsInLog = 0;
		};
/* End PBXShellScriptBuildPhase section */

/* Begin PBXSourcesBuildPhase section */
		D9D54EC31CA28CD2007805F4 /* Sources */ = {
			isa = PBXSourcesBuildPhase;
			buildActionMask = 2147483647;
			files = (
				90ACCDAA1CAD27BF000149F1 /* Users.swift in Sources */,
				AD5572041CABA0B4000BF880 /* IntroductoryViewController.swift in Sources */,
				AD291DA71CAAA8CC008CAFB1 /* AVPageContentViewController.swift in Sources */,
				BEAAC7A41CABF3F70081DB61 /* UserManager.swift in Sources */,
				AD291CE91CA90779008CAFB1 /* DashboardTabBarController.swift in Sources */,
				AD291DA81CAAA8CC008CAFB1 /* AVPageViewController.swift in Sources */,
				D9D54ECF1CA28CD2007805F4 /* SecondViewController.swift in Sources */,
				D9D54ECB1CA28CD2007805F4 /* AppDelegate.swift in Sources */,
				AD291D691CA9400E008CAFB1 /* ChallengesViewController.swift in Sources */,
				AD291D631CA93EB5008CAFB1 /* CreateAccountViewController.swift in Sources */,
				906FE2661CAD6D9A00E8057C /* KeychainSwiftDistrib.swift in Sources */,
				AD5572031CABA0B4000BF880 /* IntroductoryContentViewController.swift in Sources */,
				AD5572051CABA0B4000BF880 /* SignInViewController.swift in Sources */,
				AD291D711CA940B0008CAFB1 /* ProfileViewController.swift in Sources */,
				AD291D6B1CA9406F008CAFB1 /* FriendsViewController.swift in Sources */,
				AD5572071CABA0B4000BF880 /* VerificationViewController.swift in Sources */,
				AD5572081CABA0B4000BF880 /* WelcomeViewController.swift in Sources */,
				906FE2641CAD6CCA00E8057C /* APIServiceManager.swift in Sources */,
				AD5571F61CAAEEF6000BF880 /* SignUpViewController1.swift in Sources */,
				D9D54ECD1CA28CD2007805F4 /* FirstViewController.swift in Sources */,
				AD5572061CABA0B4000BF880 /* SignUpViewController.swift in Sources */,
				AD291D331CA92975008CAFB1 /* WalkThroughViewController.swift in Sources */,
				AD291DA41CAAA7AB008CAFB1 /* UIColor+YIColors.swift in Sources */,
				AD5572021CABA0B4000BF880 /* ForgotPWViewController.swift in Sources */,
				AD291D731CA940D0008CAFB1 /* SettingsViewController.swift in Sources */,
			);
			runOnlyForDeploymentPostprocessing = 0;
		};
		D9D54ED91CA28CD2007805F4 /* Sources */ = {
			isa = PBXSourcesBuildPhase;
			buildActionMask = 2147483647;
			files = (
				D986357F1CAE7F8900A8535C /* APIServiceManager.swift in Sources */,
				BEAAC7A51CAC017D0081DB61 /* UserManager.swift in Sources */,
				90ACCDAC1CAD3A63000149F1 /* Users.swift in Sources */,
				D9D54EE21CA28CD2007805F4 /* YonaTests.swift in Sources */,
			);
			runOnlyForDeploymentPostprocessing = 0;
		};
		D9D54EE41CA28CD2007805F4 /* Sources */ = {
			isa = PBXSourcesBuildPhase;
			buildActionMask = 2147483647;
			files = (
				D98635801CAE7F8900A8535C /* APIServiceManager.swift in Sources */,
				BEAAC7A61CAC1E650081DB61 /* UserManager.swift in Sources */,
				90ACCDAB1CAD3A62000149F1 /* Users.swift in Sources */,
				D9D54EED1CA28CD2007805F4 /* YonaUITests.swift in Sources */,
			);
			runOnlyForDeploymentPostprocessing = 0;
		};
/* End PBXSourcesBuildPhase section */

/* Begin PBXTargetDependency section */
		D9D54EDF1CA28CD2007805F4 /* PBXTargetDependency */ = {
			isa = PBXTargetDependency;
			target = D9D54EC61CA28CD2007805F4 /* Yona */;
			targetProxy = D9D54EDE1CA28CD2007805F4 /* PBXContainerItemProxy */;
		};
		D9D54EEA1CA28CD2007805F4 /* PBXTargetDependency */ = {
			isa = PBXTargetDependency;
			target = D9D54EC61CA28CD2007805F4 /* Yona */;
			targetProxy = D9D54EE91CA28CD2007805F4 /* PBXContainerItemProxy */;
		};
/* End PBXTargetDependency section */

/* Begin PBXVariantGroup section */
		AD4E257D1CABCF9E00D02744 /* Main2.storyboard */ = {
			isa = PBXVariantGroup;
			children = (
				AD4E257E1CABCF9E00D02744 /* Base */,
			);
			name = Main2.storyboard;
			sourceTree = "<group>";
		};
		AD5571F71CABA022000BF880 /* Main.storyboard */ = {
			isa = PBXVariantGroup;
			children = (
				AD5571F81CABA022000BF880 /* Base */,
			);
			name = Main.storyboard;
			sourceTree = "<group>";
		};
		D9D54ED51CA28CD2007805F4 /* LaunchScreen.storyboard */ = {
			isa = PBXVariantGroup;
			children = (
				D9D54ED61CA28CD2007805F4 /* Base */,
			);
			name = LaunchScreen.storyboard;
			sourceTree = "<group>";
		};
/* End PBXVariantGroup section */

/* Begin XCBuildConfiguration section */
		D9D54EEF1CA28CD2007805F4 /* Debug */ = {
			isa = XCBuildConfiguration;
			buildSettings = {
				ALWAYS_SEARCH_USER_PATHS = NO;
				CLANG_ANALYZER_NONNULL = YES;
				CLANG_CXX_LANGUAGE_STANDARD = "gnu++0x";
				CLANG_CXX_LIBRARY = "libc++";
				CLANG_ENABLE_MODULES = YES;
				CLANG_ENABLE_OBJC_ARC = YES;
				CLANG_WARN_BOOL_CONVERSION = YES;
				CLANG_WARN_CONSTANT_CONVERSION = YES;
				CLANG_WARN_DIRECT_OBJC_ISA_USAGE = YES_ERROR;
				CLANG_WARN_EMPTY_BODY = YES;
				CLANG_WARN_ENUM_CONVERSION = YES;
				CLANG_WARN_INT_CONVERSION = YES;
				CLANG_WARN_OBJC_ROOT_CLASS = YES_ERROR;
				CLANG_WARN_UNREACHABLE_CODE = YES;
				CLANG_WARN__DUPLICATE_METHOD_MATCH = YES;
				"CODE_SIGN_IDENTITY[sdk=iphoneos*]" = "iPhone Developer";
				COPY_PHASE_STRIP = NO;
				DEBUG_INFORMATION_FORMAT = dwarf;
				ENABLE_STRICT_OBJC_MSGSEND = YES;
				ENABLE_TESTABILITY = YES;
				GCC_C_LANGUAGE_STANDARD = gnu99;
				GCC_DYNAMIC_NO_PIC = NO;
				GCC_NO_COMMON_BLOCKS = YES;
				GCC_OPTIMIZATION_LEVEL = 0;
				GCC_PREPROCESSOR_DEFINITIONS = (
					"DEBUG=1",
					"$(inherited)",
				);
				GCC_WARN_64_TO_32_BIT_CONVERSION = YES;
				GCC_WARN_ABOUT_RETURN_TYPE = YES_ERROR;
				GCC_WARN_UNDECLARED_SELECTOR = YES;
				GCC_WARN_UNINITIALIZED_AUTOS = YES_AGGRESSIVE;
				GCC_WARN_UNUSED_FUNCTION = YES;
				GCC_WARN_UNUSED_VARIABLE = YES;
				IPHONEOS_DEPLOYMENT_TARGET = 7.0;
				MTL_ENABLE_DEBUG_INFO = YES;
				ONLY_ACTIVE_ARCH = YES;
				SDKROOT = iphoneos;
				SWIFT_OPTIMIZATION_LEVEL = "-Onone";
			};
			name = Debug;
		};
		D9D54EF01CA28CD2007805F4 /* Release */ = {
			isa = XCBuildConfiguration;
			buildSettings = {
				ALWAYS_SEARCH_USER_PATHS = NO;
				CLANG_ANALYZER_NONNULL = YES;
				CLANG_CXX_LANGUAGE_STANDARD = "gnu++0x";
				CLANG_CXX_LIBRARY = "libc++";
				CLANG_ENABLE_MODULES = YES;
				CLANG_ENABLE_OBJC_ARC = YES;
				CLANG_WARN_BOOL_CONVERSION = YES;
				CLANG_WARN_CONSTANT_CONVERSION = YES;
				CLANG_WARN_DIRECT_OBJC_ISA_USAGE = YES_ERROR;
				CLANG_WARN_EMPTY_BODY = YES;
				CLANG_WARN_ENUM_CONVERSION = YES;
				CLANG_WARN_INT_CONVERSION = YES;
				CLANG_WARN_OBJC_ROOT_CLASS = YES_ERROR;
				CLANG_WARN_UNREACHABLE_CODE = YES;
				CLANG_WARN__DUPLICATE_METHOD_MATCH = YES;
				"CODE_SIGN_IDENTITY[sdk=iphoneos*]" = "iPhone Developer";
				COPY_PHASE_STRIP = NO;
				DEBUG_INFORMATION_FORMAT = "dwarf-with-dsym";
				ENABLE_NS_ASSERTIONS = NO;
				ENABLE_STRICT_OBJC_MSGSEND = YES;
				GCC_C_LANGUAGE_STANDARD = gnu99;
				GCC_NO_COMMON_BLOCKS = YES;
				GCC_WARN_64_TO_32_BIT_CONVERSION = YES;
				GCC_WARN_ABOUT_RETURN_TYPE = YES_ERROR;
				GCC_WARN_UNDECLARED_SELECTOR = YES;
				GCC_WARN_UNINITIALIZED_AUTOS = YES_AGGRESSIVE;
				GCC_WARN_UNUSED_FUNCTION = YES;
				GCC_WARN_UNUSED_VARIABLE = YES;
				IPHONEOS_DEPLOYMENT_TARGET = 7.0;
				MTL_ENABLE_DEBUG_INFO = NO;
				SDKROOT = iphoneos;
				VALIDATE_PRODUCT = YES;
			};
			name = Release;
		};
		D9D54EF21CA28CD2007805F4 /* Debug */ = {
			isa = XCBuildConfiguration;
			baseConfigurationReference = EF26DAC44A5AE3C2779CD0D3 /* Pods.debug.xcconfig */;
			buildSettings = {
				ASSETCATALOG_COMPILER_APPICON_NAME = AppIcon;
				ASSETCATALOG_COMPILER_LAUNCHIMAGE_NAME = "Brand Assets";
				INFOPLIST_FILE = Yona/Info.plist;
				IPHONEOS_DEPLOYMENT_TARGET = 7.0;
				LD_RUNPATH_SEARCH_PATHS = "$(inherited) @executable_path/Frameworks";
				PRODUCT_BUNDLE_IDENTIFIER = com.alessioroberto.Yona;
				PRODUCT_NAME = "$(TARGET_NAME)";
			};
			name = Debug;
		};
		D9D54EF31CA28CD2007805F4 /* Release */ = {
			isa = XCBuildConfiguration;
			baseConfigurationReference = 907FA2CEF83C3EDC00E5F021 /* Pods.release.xcconfig */;
			buildSettings = {
				ASSETCATALOG_COMPILER_APPICON_NAME = AppIcon;
				ASSETCATALOG_COMPILER_LAUNCHIMAGE_NAME = "Brand Assets";
				INFOPLIST_FILE = Yona/Info.plist;
				IPHONEOS_DEPLOYMENT_TARGET = 7.0;
				LD_RUNPATH_SEARCH_PATHS = "$(inherited) @executable_path/Frameworks";
				PRODUCT_BUNDLE_IDENTIFIER = com.alessioroberto.Yona;
				PRODUCT_NAME = "$(TARGET_NAME)";
			};
			name = Release;
		};
		D9D54EF51CA28CD2007805F4 /* Debug */ = {
			isa = XCBuildConfiguration;
			buildSettings = {
				BUNDLE_LOADER = "$(TEST_HOST)";
				INFOPLIST_FILE = YonaTests/Info.plist;
				IPHONEOS_DEPLOYMENT_TARGET = 9.2;
				LD_RUNPATH_SEARCH_PATHS = "$(inherited) @executable_path/Frameworks @loader_path/Frameworks";
				PRODUCT_BUNDLE_IDENTIFIER = com.alessioroberto.YonaTests;
				PRODUCT_NAME = "$(TARGET_NAME)";
				TEST_HOST = "$(BUILT_PRODUCTS_DIR)/Yona.app/Yona";
			};
			name = Debug;
		};
		D9D54EF61CA28CD2007805F4 /* Release */ = {
			isa = XCBuildConfiguration;
			buildSettings = {
				BUNDLE_LOADER = "$(TEST_HOST)";
				INFOPLIST_FILE = YonaTests/Info.plist;
				IPHONEOS_DEPLOYMENT_TARGET = 9.2;
				LD_RUNPATH_SEARCH_PATHS = "$(inherited) @executable_path/Frameworks @loader_path/Frameworks";
				PRODUCT_BUNDLE_IDENTIFIER = com.alessioroberto.YonaTests;
				PRODUCT_NAME = "$(TARGET_NAME)";
				TEST_HOST = "$(BUILT_PRODUCTS_DIR)/Yona.app/Yona";
			};
			name = Release;
		};
		D9D54EF81CA28CD2007805F4 /* Debug */ = {
			isa = XCBuildConfiguration;
			buildSettings = {
				INFOPLIST_FILE = YonaUITests/Info.plist;
				IPHONEOS_DEPLOYMENT_TARGET = 9.2;
				LD_RUNPATH_SEARCH_PATHS = "$(inherited) @executable_path/Frameworks @loader_path/Frameworks";
				PRODUCT_BUNDLE_IDENTIFIER = com.alessioroberto.YonaUITests;
				PRODUCT_NAME = "$(TARGET_NAME)";
				TEST_TARGET_NAME = Yona;
			};
			name = Debug;
		};
		D9D54EF91CA28CD2007805F4 /* Release */ = {
			isa = XCBuildConfiguration;
			buildSettings = {
				INFOPLIST_FILE = YonaUITests/Info.plist;
				IPHONEOS_DEPLOYMENT_TARGET = 9.2;
				LD_RUNPATH_SEARCH_PATHS = "$(inherited) @executable_path/Frameworks @loader_path/Frameworks";
				PRODUCT_BUNDLE_IDENTIFIER = com.alessioroberto.YonaUITests;
				PRODUCT_NAME = "$(TARGET_NAME)";
				SWIFT_OPTIMIZATION_LEVEL = "-Onone";
				TEST_TARGET_NAME = Yona;
			};
			name = Release;
		};
/* End XCBuildConfiguration section */

/* Begin XCConfigurationList section */
		D9D54EC21CA28CD2007805F4 /* Build configuration list for PBXProject "Yona" */ = {
			isa = XCConfigurationList;
			buildConfigurations = (
				D9D54EEF1CA28CD2007805F4 /* Debug */,
				D9D54EF01CA28CD2007805F4 /* Release */,
			);
			defaultConfigurationIsVisible = 0;
			defaultConfigurationName = Release;
		};
		D9D54EF11CA28CD2007805F4 /* Build configuration list for PBXNativeTarget "Yona" */ = {
			isa = XCConfigurationList;
			buildConfigurations = (
				D9D54EF21CA28CD2007805F4 /* Debug */,
				D9D54EF31CA28CD2007805F4 /* Release */,
			);
			defaultConfigurationIsVisible = 0;
			defaultConfigurationName = Release;
		};
		D9D54EF41CA28CD2007805F4 /* Build configuration list for PBXNativeTarget "YonaTests" */ = {
			isa = XCConfigurationList;
			buildConfigurations = (
				D9D54EF51CA28CD2007805F4 /* Debug */,
				D9D54EF61CA28CD2007805F4 /* Release */,
			);
			defaultConfigurationIsVisible = 0;
			defaultConfigurationName = Release;
		};
		D9D54EF71CA28CD2007805F4 /* Build configuration list for PBXNativeTarget "YonaUITests" */ = {
			isa = XCConfigurationList;
			buildConfigurations = (
				D9D54EF81CA28CD2007805F4 /* Debug */,
				D9D54EF91CA28CD2007805F4 /* Release */,
			);
			defaultConfigurationIsVisible = 0;
			defaultConfigurationName = Release;
		};
/* End XCConfigurationList section */
	};
	rootObject = D9D54EBF1CA28CD2007805F4 /* Project object */;
}
