// !$*UTF8*$!
{
	archiveVersion = 1;
	classes = {
	};
	objectVersion = 46;
	objects = {

/* Begin PBXBuildFile section */
		485299538EF178971C053A0F /* Pods.framework in Frameworks */ = {isa = PBXBuildFile; fileRef = 97F4E094BD09171901BB56B3 /* Pods.framework */; };
		D9D54ECB1CA28CD2007805F4 /* AppDelegate.swift in Sources */ = {isa = PBXBuildFile; fileRef = D9D54ECA1CA28CD2007805F4 /* AppDelegate.swift */; };
		D9D54ECD1CA28CD2007805F4 /* FirstViewController.swift in Sources */ = {isa = PBXBuildFile; fileRef = D9D54ECC1CA28CD2007805F4 /* FirstViewController.swift */; };
		D9D54ECF1CA28CD2007805F4 /* SecondViewController.swift in Sources */ = {isa = PBXBuildFile; fileRef = D9D54ECE1CA28CD2007805F4 /* SecondViewController.swift */; };
		D9D54ED21CA28CD2007805F4 /* Main.storyboard in Resources */ = {isa = PBXBuildFile; fileRef = D9D54ED01CA28CD2007805F4 /* Main.storyboard */; };
		D9D54ED41CA28CD2007805F4 /* Assets.xcassets in Resources */ = {isa = PBXBuildFile; fileRef = D9D54ED31CA28CD2007805F4 /* Assets.xcassets */; };
		D9D54ED71CA28CD2007805F4 /* LaunchScreen.storyboard in Resources */ = {isa = PBXBuildFile; fileRef = D9D54ED51CA28CD2007805F4 /* LaunchScreen.storyboard */; };
		D9D54EE21CA28CD2007805F4 /* YonaTests.swift in Sources */ = {isa = PBXBuildFile; fileRef = D9D54EE11CA28CD2007805F4 /* YonaTests.swift */; };
		D9D54EED1CA28CD2007805F4 /* YonaUITests.swift in Sources */ = {isa = PBXBuildFile; fileRef = D9D54EEC1CA28CD2007805F4 /* YonaUITests.swift */; };
		D9D54EFE1CA5660C007805F4 /* R.generated.swift in Sources */ = {isa = PBXBuildFile; fileRef = D9D54EFD1CA5660C007805F4 /* R.generated.swift */; };
/* End PBXBuildFile section */

/* Begin PBXContainerItemProxy section */
		D9D54EDE1CA28CD2007805F4 /* PBXContainerItemProxy */ = {
			isa = PBXContainerItemProxy;
			containerPortal = D9D54EBF1CA28CD2007805F4 /* Project object */;
			proxyType = 1;
			remoteGlobalIDString = D9D54EC61CA28CD2007805F4;
			remoteInfo = Yona;
		};
		D9D54EE91CA28CD2007805F4 /* PBXContainerItemProxy */ = {
			isa = PBXContainerItemProxy;
			containerPortal = D9D54EBF1CA28CD2007805F4 /* Project object */;
			proxyType = 1;
			remoteGlobalIDString = D9D54EC61CA28CD2007805F4;
			remoteInfo = Yona;
		};
/* End PBXContainerItemProxy section */

/* Begin PBXFileReference section */
		907FA2CEF83C3EDC00E5F021 /* Pods.release.xcconfig */ = {isa = PBXFileReference; includeInIndex = 1; lastKnownFileType = text.xcconfig; name = Pods.release.xcconfig; path = "Pods/Target Support Files/Pods/Pods.release.xcconfig"; sourceTree = "<group>"; };
		97F4E094BD09171901BB56B3 /* Pods.framework */ = {isa = PBXFileReference; explicitFileType = wrapper.framework; includeInIndex = 0; path = Pods.framework; sourceTree = BUILT_PRODUCTS_DIR; };
		D9D54EC71CA28CD2007805F4 /* Yona.app */ = {isa = PBXFileReference; explicitFileType = wrapper.application; includeInIndex = 0; path = Yona.app; sourceTree = BUILT_PRODUCTS_DIR; };
		D9D54ECA1CA28CD2007805F4 /* AppDelegate.swift */ = {isa = PBXFileReference; lastKnownFileType = sourcecode.swift; path = AppDelegate.swift; sourceTree = "<group>"; };
		D9D54ECC1CA28CD2007805F4 /* FirstViewController.swift */ = {isa = PBXFileReference; lastKnownFileType = sourcecode.swift; path = FirstViewController.swift; sourceTree = "<group>"; };
		D9D54ECE1CA28CD2007805F4 /* SecondViewController.swift */ = {isa = PBXFileReference; lastKnownFileType = sourcecode.swift; path = SecondViewController.swift; sourceTree = "<group>"; };
		D9D54ED11CA28CD2007805F4 /* Base */ = {isa = PBXFileReference; lastKnownFileType = file.storyboard; name = Base; path = Base.lproj/Main.storyboard; sourceTree = "<group>"; };
		D9D54ED31CA28CD2007805F4 /* Assets.xcassets */ = {isa = PBXFileReference; lastKnownFileType = folder.assetcatalog; path = Assets.xcassets; sourceTree = "<group>"; };
		D9D54ED61CA28CD2007805F4 /* Base */ = {isa = PBXFileReference; lastKnownFileType = file.storyboard; name = Base; path = Base.lproj/LaunchScreen.storyboard; sourceTree = "<group>"; };
		D9D54ED81CA28CD2007805F4 /* Info.plist */ = {isa = PBXFileReference; lastKnownFileType = text.plist.xml; path = Info.plist; sourceTree = "<group>"; };
		D9D54EDD1CA28CD2007805F4 /* YonaTests.xctest */ = {isa = PBXFileReference; explicitFileType = wrapper.cfbundle; includeInIndex = 0; path = YonaTests.xctest; sourceTree = BUILT_PRODUCTS_DIR; };
		D9D54EE11CA28CD2007805F4 /* YonaTests.swift */ = {isa = PBXFileReference; lastKnownFileType = sourcecode.swift; path = YonaTests.swift; sourceTree = "<group>"; };
		D9D54EE31CA28CD2007805F4 /* Info.plist */ = {isa = PBXFileReference; lastKnownFileType = text.plist.xml; path = Info.plist; sourceTree = "<group>"; };
		D9D54EE81CA28CD2007805F4 /* YonaUITests.xctest */ = {isa = PBXFileReference; explicitFileType = wrapper.cfbundle; includeInIndex = 0; path = YonaUITests.xctest; sourceTree = BUILT_PRODUCTS_DIR; };
		D9D54EEC1CA28CD2007805F4 /* YonaUITests.swift */ = {isa = PBXFileReference; lastKnownFileType = sourcecode.swift; path = YonaUITests.swift; sourceTree = "<group>"; };
		D9D54EEE1CA28CD2007805F4 /* Info.plist */ = {isa = PBXFileReference; lastKnownFileType = text.plist.xml; path = Info.plist; sourceTree = "<group>"; };
		D9D54EFD1CA5660C007805F4 /* R.generated.swift */ = {isa = PBXFileReference; fileEncoding = 4; lastKnownFileType = sourcecode.swift; path = R.generated.swift; sourceTree = SOURCE_ROOT; };
		EF26DAC44A5AE3C2779CD0D3 /* Pods.debug.xcconfig */ = {isa = PBXFileReference; includeInIndex = 1; lastKnownFileType = text.xcconfig; name = Pods.debug.xcconfig; path = "Pods/Target Support Files/Pods/Pods.debug.xcconfig"; sourceTree = "<group>"; };
/* End PBXFileReference section */

/* Begin PBXFrameworksBuildPhase section */
		D9D54EC41CA28CD2007805F4 /* Frameworks */ = {
			isa = PBXFrameworksBuildPhase;
			buildActionMask = 2147483647;
			files = (
				485299538EF178971C053A0F /* Pods.framework in Frameworks */,
			);
			runOnlyForDeploymentPostprocessing = 0;
		};
		D9D54EDA1CA28CD2007805F4 /* Frameworks */ = {
			isa = PBXFrameworksBuildPhase;
			buildActionMask = 2147483647;
			files = (
			);
			runOnlyForDeploymentPostprocessing = 0;
		};
		D9D54EE51CA28CD2007805F4 /* Frameworks */ = {
			isa = PBXFrameworksBuildPhase;
			buildActionMask = 2147483647;
			files = (
			);
			runOnlyForDeploymentPostprocessing = 0;
		};
/* End PBXFrameworksBuildPhase section */

/* Begin PBXGroup section */
		3B39B85C599061F064F0007D /* Frameworks */ = {
			isa = PBXGroup;
			children = (
				97F4E094BD09171901BB56B3 /* Pods.framework */,
			);
			name = Frameworks;
			sourceTree = "<group>";
		};
		803143D5A6C19514CFFD49E4 /* Pods */ = {
			isa = PBXGroup;
			children = (
				EF26DAC44A5AE3C2779CD0D3 /* Pods.debug.xcconfig */,
				907FA2CEF83C3EDC00E5F021 /* Pods.release.xcconfig */,
			);
			name = Pods;
			sourceTree = "<group>";
		};
		D9D54EBE1CA28CD2007805F4 = {
			isa = PBXGroup;
			children = (
				D9D54EC91CA28CD2007805F4 /* Yona */,
				D9D54EE01CA28CD2007805F4 /* YonaTests */,
				D9D54EEB1CA28CD2007805F4 /* YonaUITests */,
				D9D54EC81CA28CD2007805F4 /* Products */,
				803143D5A6C19514CFFD49E4 /* Pods */,
				3B39B85C599061F064F0007D /* Frameworks */,
			);
			sourceTree = "<group>";
		};
		D9D54EC81CA28CD2007805F4 /* Products */ = {
			isa = PBXGroup;
			children = (
				D9D54EC71CA28CD2007805F4 /* Yona.app */,
				D9D54EDD1CA28CD2007805F4 /* YonaTests.xctest */,
				D9D54EE81CA28CD2007805F4 /* YonaUITests.xctest */,
			);
			name = Products;
			sourceTree = "<group>";
		};
		D9D54EC91CA28CD2007805F4 /* Yona */ = {
			isa = PBXGroup;
			children = (
				D9D54EFD1CA5660C007805F4 /* R.generated.swift */,
				D9D54ECA1CA28CD2007805F4 /* AppDelegate.swift */,
				D9D54ECC1CA28CD2007805F4 /* FirstViewController.swift */,
				D9D54ECE1CA28CD2007805F4 /* SecondViewController.swift */,
				D9D54ED01CA28CD2007805F4 /* Main.storyboard */,
				D9D54ED31CA28CD2007805F4 /* Assets.xcassets */,
				D9D54ED51CA28CD2007805F4 /* LaunchScreen.storyboard */,
				D9D54ED81CA28CD2007805F4 /* Info.plist */,
			);
			path = Yona;
			sourceTree = "<group>";
		};
		D9D54EE01CA28CD2007805F4 /* YonaTests */ = {
			isa = PBXGroup;
			children = (
				D9D54EE11CA28CD2007805F4 /* YonaTests.swift */,
				D9D54EE31CA28CD2007805F4 /* Info.plist */,
			);
			path = YonaTests;
			sourceTree = "<group>";
		};
		D9D54EEB1CA28CD2007805F4 /* YonaUITests */ = {
			isa = PBXGroup;
			children = (
				D9D54EEC1CA28CD2007805F4 /* YonaUITests.swift */,
				D9D54EEE1CA28CD2007805F4 /* Info.plist */,
			);
			path = YonaUITests;
			sourceTree = "<group>";
		};
/* End PBXGroup section */

/* Begin PBXNativeTarget section */
		D9D54EC61CA28CD2007805F4 /* Yona */ = {
			isa = PBXNativeTarget;
			buildConfigurationList = D9D54EF11CA28CD2007805F4 /* Build configuration list for PBXNativeTarget "Yona" */;
			buildPhases = (
				FDBD51524C47FA10E10782F3 /* Check Pods Manifest.lock */,
				D9D54EFC1CA565B7007805F4 /* R.swift */,
				D9D54EC31CA28CD2007805F4 /* Sources */,
				D9D54EC41CA28CD2007805F4 /* Frameworks */,
				D9D54EC51CA28CD2007805F4 /* Resources */,
				F77FF96084CAC8939A8152F2 /* Embed Pods Frameworks */,
				173E4173B6737B3290E96712 /* Copy Pods Resources */,
			);
			buildRules = (
			);
			dependencies = (
			);
			name = Yona;
			productName = Yona;
			productReference = D9D54EC71CA28CD2007805F4 /* Yona.app */;
			productType = "com.apple.product-type.application";
		};
		D9D54EDC1CA28CD2007805F4 /* YonaTests */ = {
			isa = PBXNativeTarget;
			buildConfigurationList = D9D54EF41CA28CD2007805F4 /* Build configuration list for PBXNativeTarget "YonaTests" */;
			buildPhases = (
				D9D54ED91CA28CD2007805F4 /* Sources */,
				D9D54EDA1CA28CD2007805F4 /* Frameworks */,
				D9D54EDB1CA28CD2007805F4 /* Resources */,
			);
			buildRules = (
			);
			dependencies = (
				D9D54EDF1CA28CD2007805F4 /* PBXTargetDependency */,
			);
			name = YonaTests;
			productName = YonaTests;
			productReference = D9D54EDD1CA28CD2007805F4 /* YonaTests.xctest */;
			productType = "com.apple.product-type.bundle.unit-test";
		};
		D9D54EE71CA28CD2007805F4 /* YonaUITests */ = {
			isa = PBXNativeTarget;
			buildConfigurationList = D9D54EF71CA28CD2007805F4 /* Build configuration list for PBXNativeTarget "YonaUITests" */;
			buildPhases = (
				D9D54EE41CA28CD2007805F4 /* Sources */,
				D9D54EE51CA28CD2007805F4 /* Frameworks */,
				D9D54EE61CA28CD2007805F4 /* Resources */,
			);
			buildRules = (
			);
			dependencies = (
				D9D54EEA1CA28CD2007805F4 /* PBXTargetDependency */,
			);
			name = YonaUITests;
			productName = YonaUITests;
			productReference = D9D54EE81CA28CD2007805F4 /* YonaUITests.xctest */;
			productType = "com.apple.product-type.bundle.ui-testing";
		};
/* End PBXNativeTarget section */

/* Begin PBXProject section */
		D9D54EBF1CA28CD2007805F4 /* Project object */ = {
			isa = PBXProject;
			attributes = {
				LastSwiftUpdateCheck = 0730;
				LastUpgradeCheck = 0730;
				ORGANIZATIONNAME = Yona;
				TargetAttributes = {
					D9D54EC61CA28CD2007805F4 = {
						CreatedOnToolsVersion = 7.3;
					};
					D9D54EDC1CA28CD2007805F4 = {
						CreatedOnToolsVersion = 7.3;
						TestTargetID = D9D54EC61CA28CD2007805F4;
					};
					D9D54EE71CA28CD2007805F4 = {
						CreatedOnToolsVersion = 7.3;
						TestTargetID = D9D54EC61CA28CD2007805F4;
					};
				};
			};
			buildConfigurationList = D9D54EC21CA28CD2007805F4 /* Build configuration list for PBXProject "Yona" */;
			compatibilityVersion = "Xcode 3.2";
			developmentRegion = English;
			hasScannedForEncodings = 0;
			knownRegions = (
				en,
				Base,
			);
			mainGroup = D9D54EBE1CA28CD2007805F4;
			productRefGroup = D9D54EC81CA28CD2007805F4 /* Products */;
			projectDirPath = "";
			projectRoot = "";
			targets = (
				D9D54EC61CA28CD2007805F4 /* Yona */,
				D9D54EDC1CA28CD2007805F4 /* YonaTests */,
				D9D54EE71CA28CD2007805F4 /* YonaUITests */,
			);
		};
/* End PBXProject section */

/* Begin PBXResourcesBuildPhase section */
		D9D54EC51CA28CD2007805F4 /* Resources */ = {
			isa = PBXResourcesBuildPhase;
			buildActionMask = 2147483647;
			files = (
				D9D54ED71CA28CD2007805F4 /* LaunchScreen.storyboard in Resources */,
				D9D54ED41CA28CD2007805F4 /* Assets.xcassets in Resources */,
				D9D54ED21CA28CD2007805F4 /* Main.storyboard in Resources */,
			);
			runOnlyForDeploymentPostprocessing = 0;
		};
		D9D54EDB1CA28CD2007805F4 /* Resources */ = {
			isa = PBXResourcesBuildPhase;
			buildActionMask = 2147483647;
			files = (
			);
			runOnlyForDeploymentPostprocessing = 0;
		};
		D9D54EE61CA28CD2007805F4 /* Resources */ = {
			isa = PBXResourcesBuildPhase;
			buildActionMask = 2147483647;
			files = (
			);
			runOnlyForDeploymentPostprocessing = 0;
		};
/* End PBXResourcesBuildPhase section */

/* Begin PBXShellScriptBuildPhase section */
		173E4173B6737B3290E96712 /* Copy Pods Resources */ = {
			isa = PBXShellScriptBuildPhase;
			buildActionMask = 2147483647;
			files = (
			);
			inputPaths = (
			);
			name = "Copy Pods Resources";
			outputPaths = (
			);
			runOnlyForDeploymentPostprocessing = 0;
			shellPath = /bin/sh;
			shellScript = "\"${SRCROOT}/Pods/Target Support Files/Pods/Pods-resources.sh\"\n";
			showEnvVarsInLog = 0;
		};
		D9D54EFC1CA565B7007805F4 /* R.swift */ = {
			isa = PBXShellScriptBuildPhase;
			buildActionMask = 2147483647;
			files = (
			);
			inputPaths = (
			);
			name = R.swift;
			outputPaths = (
			);
			runOnlyForDeploymentPostprocessing = 0;
			shellPath = /bin/sh;
			shellScript = "\"$PODS_ROOT/R.swift/rswift\" \"$SRCROOT\"";
		};
		F77FF96084CAC8939A8152F2 /* Embed Pods Frameworks */ = {
			isa = PBXShellScriptBuildPhase;
			buildActionMask = 2147483647;
			files = (
			);
			inputPaths = (
			);
			name = "Embed Pods Frameworks";
			outputPaths = (
			);
			runOnlyForDeploymentPostprocessing = 0;
			shellPath = /bin/sh;
			shellScript = "\"${SRCROOT}/Pods/Target Support Files/Pods/Pods-frameworks.sh\"\n";
			showEnvVarsInLog = 0;
		};
		FDBD51524C47FA10E10782F3 /* Check Pods Manifest.lock */ = {
			isa = PBXShellScriptBuildPhase;
			buildActionMask = 2147483647;
			files = (
			);
			inputPaths = (
			);
			name = "Check Pods Manifest.lock";
			outputPaths = (
			);
			runOnlyForDeploymentPostprocessing = 0;
			shellPath = /bin/sh;
			shellScript = "diff \"${PODS_ROOT}/../Podfile.lock\" \"${PODS_ROOT}/Manifest.lock\" > /dev/null\nif [[ $? != 0 ]] ; then\n    cat << EOM\nerror: The sandbox is not in sync with the Podfile.lock. Run 'pod install' or update your CocoaPods installation.\nEOM\n    exit 1\nfi\n";
			showEnvVarsInLog = 0;
		};
/* End PBXShellScriptBuildPhase section */

/* Begin PBXSourcesBuildPhase section */
		D9D54EC31CA28CD2007805F4 /* Sources */ = {
			isa = PBXSourcesBuildPhase;
			buildActionMask = 2147483647;
			files = (
				D9D54ECF1CA28CD2007805F4 /* SecondViewController.swift in Sources */,
				D9D54ECB1CA28CD2007805F4 /* AppDelegate.swift in Sources */,
				D9D54ECD1CA28CD2007805F4 /* FirstViewController.swift in Sources */,
				D9D54EFE1CA5660C007805F4 /* R.generated.swift in Sources */,
			);
			runOnlyForDeploymentPostprocessing = 0;
		};
		D9D54ED91CA28CD2007805F4 /* Sources */ = {
			isa = PBXSourcesBuildPhase;
			buildActionMask = 2147483647;
			files = (
				D9D54EE21CA28CD2007805F4 /* YonaTests.swift in Sources */,
			);
			runOnlyForDeploymentPostprocessing = 0;
		};
		D9D54EE41CA28CD2007805F4 /* Sources */ = {
			isa = PBXSourcesBuildPhase;
			buildActionMask = 2147483647;
			files = (
				D9D54EED1CA28CD2007805F4 /* YonaUITests.swift in Sources */,
			);
			runOnlyForDeploymentPostprocessing = 0;
		};
/* End PBXSourcesBuildPhase section */

/* Begin PBXTargetDependency section */
		D9D54EDF1CA28CD2007805F4 /* PBXTargetDependency */ = {
			isa = PBXTargetDependency;
			target = D9D54EC61CA28CD2007805F4 /* Yona */;
			targetProxy = D9D54EDE1CA28CD2007805F4 /* PBXContainerItemProxy */;
		};
		D9D54EEA1CA28CD2007805F4 /* PBXTargetDependency */ = {
			isa = PBXTargetDependency;
			target = D9D54EC61CA28CD2007805F4 /* Yona */;
			targetProxy = D9D54EE91CA28CD2007805F4 /* PBXContainerItemProxy */;
		};
/* End PBXTargetDependency section */

/* Begin PBXVariantGroup section */
		D9D54ED01CA28CD2007805F4 /* Main.storyboard */ = {
			isa = PBXVariantGroup;
			children = (
				D9D54ED11CA28CD2007805F4 /* Base */,
			);
			name = Main.storyboard;
			sourceTree = "<group>";
		};
		D9D54ED51CA28CD2007805F4 /* LaunchScreen.storyboard */ = {
			isa = PBXVariantGroup;
			children = (
				D9D54ED61CA28CD2007805F4 /* Base */,
			);
			name = LaunchScreen.storyboard;
			sourceTree = "<group>";
		};
/* End PBXVariantGroup section */

/* Begin XCBuildConfiguration section */
		D9D54EEF1CA28CD2007805F4 /* Debug */ = {
			isa = XCBuildConfiguration;
			buildSettings = {
				ALWAYS_SEARCH_USER_PATHS = NO;
				CLANG_ANALYZER_NONNULL = YES;
				CLANG_CXX_LANGUAGE_STANDARD = "gnu++0x";
				CLANG_CXX_LIBRARY = "libc++";
				CLANG_ENABLE_MODULES = YES;
				CLANG_ENABLE_OBJC_ARC = YES;
				CLANG_WARN_BOOL_CONVERSION = YES;
				CLANG_WARN_CONSTANT_CONVERSION = YES;
				CLANG_WARN_DIRECT_OBJC_ISA_USAGE = YES_ERROR;
				CLANG_WARN_EMPTY_BODY = YES;
				CLANG_WARN_ENUM_CONVERSION = YES;
				CLANG_WARN_INT_CONVERSION = YES;
				CLANG_WARN_OBJC_ROOT_CLASS = YES_ERROR;
				CLANG_WARN_UNREACHABLE_CODE = YES;
				CLANG_WARN__DUPLICATE_METHOD_MATCH = YES;
				"CODE_SIGN_IDENTITY[sdk=iphoneos*]" = "iPhone Developer";
				COPY_PHASE_STRIP = NO;
				DEBUG_INFORMATION_FORMAT = dwarf;
				ENABLE_STRICT_OBJC_MSGSEND = YES;
				ENABLE_TESTABILITY = YES;
				GCC_C_LANGUAGE_STANDARD = gnu99;
				GCC_DYNAMIC_NO_PIC = NO;
				GCC_NO_COMMON_BLOCKS = YES;
				GCC_OPTIMIZATION_LEVEL = 0;
				GCC_PREPROCESSOR_DEFINITIONS = (
					"DEBUG=1",
					"$(inherited)",
				);
				GCC_WARN_64_TO_32_BIT_CONVERSION = YES;
				GCC_WARN_ABOUT_RETURN_TYPE = YES_ERROR;
				GCC_WARN_UNDECLARED_SELECTOR = YES;
				GCC_WARN_UNINITIALIZED_AUTOS = YES_AGGRESSIVE;
				GCC_WARN_UNUSED_FUNCTION = YES;
				GCC_WARN_UNUSED_VARIABLE = YES;
				IPHONEOS_DEPLOYMENT_TARGET = 9.3;
				MTL_ENABLE_DEBUG_INFO = YES;
				ONLY_ACTIVE_ARCH = YES;
				SDKROOT = iphoneos;
				SWIFT_OPTIMIZATION_LEVEL = "-Onone";
			};
			name = Debug;
		};
		D9D54EF01CA28CD2007805F4 /* Release */ = {
			isa = XCBuildConfiguration;
			buildSettings = {
				ALWAYS_SEARCH_USER_PATHS = NO;
				CLANG_ANALYZER_NONNULL = YES;
				CLANG_CXX_LANGUAGE_STANDARD = "gnu++0x";
				CLANG_CXX_LIBRARY = "libc++";
				CLANG_ENABLE_MODULES = YES;
				CLANG_ENABLE_OBJC_ARC = YES;
				CLANG_WARN_BOOL_CONVERSION = YES;
				CLANG_WARN_CONSTANT_CONVERSION = YES;
				CLANG_WARN_DIRECT_OBJC_ISA_USAGE = YES_ERROR;
				CLANG_WARN_EMPTY_BODY = YES;
				CLANG_WARN_ENUM_CONVERSION = YES;
				CLANG_WARN_INT_CONVERSION = YES;
				CLANG_WARN_OBJC_ROOT_CLASS = YES_ERROR;
				CLANG_WARN_UNREACHABLE_CODE = YES;
				CLANG_WARN__DUPLICATE_METHOD_MATCH = YES;
				"CODE_SIGN_IDENTITY[sdk=iphoneos*]" = "iPhone Developer";
				COPY_PHASE_STRIP = NO;
				DEBUG_INFORMATION_FORMAT = "dwarf-with-dsym";
				ENABLE_NS_ASSERTIONS = NO;
				ENABLE_STRICT_OBJC_MSGSEND = YES;
				GCC_C_LANGUAGE_STANDARD = gnu99;
				GCC_NO_COMMON_BLOCKS = YES;
				GCC_WARN_64_TO_32_BIT_CONVERSION = YES;
				GCC_WARN_ABOUT_RETURN_TYPE = YES_ERROR;
				GCC_WARN_UNDECLARED_SELECTOR = YES;
				GCC_WARN_UNINITIALIZED_AUTOS = YES_AGGRESSIVE;
				GCC_WARN_UNUSED_FUNCTION = YES;
				GCC_WARN_UNUSED_VARIABLE = YES;
				IPHONEOS_DEPLOYMENT_TARGET = 9.3;
				MTL_ENABLE_DEBUG_INFO = NO;
				SDKROOT = iphoneos;
				VALIDATE_PRODUCT = YES;
			};
			name = Release;
		};
		D9D54EF21CA28CD2007805F4 /* Debug */ = {
			isa = XCBuildConfiguration;
			baseConfigurationReference = EF26DAC44A5AE3C2779CD0D3 /* Pods.debug.xcconfig */;
			buildSettings = {
				ASSETCATALOG_COMPILER_APPICON_NAME = AppIcon;
				ASSETCATALOG_COMPILER_LAUNCHIMAGE_NAME = "Brand Assets";
				INFOPLIST_FILE = Yona/Info.plist;
				IPHONEOS_DEPLOYMENT_TARGET = 7.0;
				LD_RUNPATH_SEARCH_PATHS = "$(inherited) @executable_path/Frameworks";
				PRODUCT_BUNDLE_IDENTIFIER = com.alessioroberto.Yona;
				PRODUCT_NAME = "$(TARGET_NAME)";
			};
			name = Debug;
		};
		D9D54EF31CA28CD2007805F4 /* Release */ = {
			isa = XCBuildConfiguration;
			baseConfigurationReference = 907FA2CEF83C3EDC00E5F021 /* Pods.release.xcconfig */;
			buildSettings = {
				ASSETCATALOG_COMPILER_APPICON_NAME = AppIcon;
				ASSETCATALOG_COMPILER_LAUNCHIMAGE_NAME = "Brand Assets";
				INFOPLIST_FILE = Yona/Info.plist;
				IPHONEOS_DEPLOYMENT_TARGET = 7.0;
				LD_RUNPATH_SEARCH_PATHS = "$(inherited) @executable_path/Frameworks";
				PRODUCT_BUNDLE_IDENTIFIER = com.alessioroberto.Yona;
				PRODUCT_NAME = "$(TARGET_NAME)";
			};
			name = Release;
		};
		D9D54EF51CA28CD2007805F4 /* Debug */ = {
			isa = XCBuildConfiguration;
			buildSettings = {
				BUNDLE_LOADER = "$(TEST_HOST)";
				INFOPLIST_FILE = YonaTests/Info.plist;
				LD_RUNPATH_SEARCH_PATHS = "$(inherited) @executable_path/Frameworks @loader_path/Frameworks";
				PRODUCT_BUNDLE_IDENTIFIER = com.alessioroberto.YonaTests;
				PRODUCT_NAME = "$(TARGET_NAME)";
				TEST_HOST = "$(BUILT_PRODUCTS_DIR)/Yona.app/Yona";
			};
			name = Debug;
		};
		D9D54EF61CA28CD2007805F4 /* Release */ = {
			isa = XCBuildConfiguration;
			buildSettings = {
				BUNDLE_LOADER = "$(TEST_HOST)";
				INFOPLIST_FILE = YonaTests/Info.plist;
				LD_RUNPATH_SEARCH_PATHS = "$(inherited) @executable_path/Frameworks @loader_path/Frameworks";
				PRODUCT_BUNDLE_IDENTIFIER = com.alessioroberto.YonaTests;
				PRODUCT_NAME = "$(TARGET_NAME)";
				TEST_HOST = "$(BUILT_PRODUCTS_DIR)/Yona.app/Yona";
			};
			name = Release;
		};
		D9D54EF81CA28CD2007805F4 /* Debug */ = {
			isa = XCBuildConfiguration;
			buildSettings = {
				INFOPLIST_FILE = YonaUITests/Info.plist;
				LD_RUNPATH_SEARCH_PATHS = "$(inherited) @executable_path/Frameworks @loader_path/Frameworks";
				PRODUCT_BUNDLE_IDENTIFIER = com.alessioroberto.YonaUITests;
				PRODUCT_NAME = "$(TARGET_NAME)";
				TEST_TARGET_NAME = Yona;
			};
			name = Debug;
		};
		D9D54EF91CA28CD2007805F4 /* Release */ = {
			isa = XCBuildConfiguration;
			buildSettings = {
				INFOPLIST_FILE = YonaUITests/Info.plist;
				LD_RUNPATH_SEARCH_PATHS = "$(inherited) @executable_path/Frameworks @loader_path/Frameworks";
				PRODUCT_BUNDLE_IDENTIFIER = com.alessioroberto.YonaUITests;
				PRODUCT_NAME = "$(TARGET_NAME)";
				TEST_TARGET_NAME = Yona;
			};
			name = Release;
		};
/* End XCBuildConfiguration section */

/* Begin XCConfigurationList section */
		D9D54EC21CA28CD2007805F4 /* Build configuration list for PBXProject "Yona" */ = {
			isa = XCConfigurationList;
			buildConfigurations = (
				D9D54EEF1CA28CD2007805F4 /* Debug */,
				D9D54EF01CA28CD2007805F4 /* Release */,
			);
			defaultConfigurationIsVisible = 0;
			defaultConfigurationName = Release;
		};
		D9D54EF11CA28CD2007805F4 /* Build configuration list for PBXNativeTarget "Yona" */ = {
			isa = XCConfigurationList;
			buildConfigurations = (
				D9D54EF21CA28CD2007805F4 /* Debug */,
				D9D54EF31CA28CD2007805F4 /* Release */,
			);
			defaultConfigurationIsVisible = 0;
			defaultConfigurationName = Release;
		};
		D9D54EF41CA28CD2007805F4 /* Build configuration list for PBXNativeTarget "YonaTests" */ = {
			isa = XCConfigurationList;
			buildConfigurations = (
				D9D54EF51CA28CD2007805F4 /* Debug */,
				D9D54EF61CA28CD2007805F4 /* Release */,
			);
			defaultConfigurationIsVisible = 0;
			defaultConfigurationName = Release;
		};
		D9D54EF71CA28CD2007805F4 /* Build configuration list for PBXNativeTarget "YonaUITests" */ = {
			isa = XCConfigurationList;
			buildConfigurations = (
				D9D54EF81CA28CD2007805F4 /* Debug */,
				D9D54EF91CA28CD2007805F4 /* Release */,
			);
			defaultConfigurationIsVisible = 0;
			defaultConfigurationName = Release;
		};
/* End XCConfigurationList section */
	};
	rootObject = D9D54EBF1CA28CD2007805F4 /* Project object */;
}
